
Microsoft Visual Studio Solution File, Format Version 12.00
# Visual Studio Version 16
VisualStudioVersion = 16.0.29920.165
MinimumVisualStudioVersion = 10.0.40219.1
Project("{8BC9CEB8-8B4A-11D0-8D11-00A0C91BC942}") = "TestProjekt", "TestProjekt\TestProjekt.vcxproj", "{4B6DC34C-DDD0-4C71-82A7-CD2A8FF7E03B}"
EndProject
Global
	GlobalSection(SolutionConfigurationPlatforms) = preSolution
		Debug|x64 = Debug|x64
		Debug|x86 = Debug|x86
		Release|x64 = Release|x64
		Release|x86 = Release|x86
	EndGlobalSection
	GlobalSection(ProjectConfigurationPlatforms) = postSolution
		{4B6DC34C-DDD0-4C71-82A7-CD2A8FF7E03B}.Debug|x64.ActiveCfg = Debug|x64
		{4B6DC34C-DDD0-4C71-82A7-CD2A8FF7E03B}.Debug|x64.Build.0 = Debug|x64
		{4B6DC34C-DDD0-4C71-82A7-CD2A8FF7E03B}.Debug|x86.ActiveCfg = Debug|Win32
		{4B6DC34C-DDD0-4C71-82A7-CD2A8FF7E03B}.Debug|x86.Build.0 = Debug|Win32
		{4B6DC34C-DDD0-4C71-82A7-CD2A8FF7E03B}.Release|x64.ActiveCfg = Release|x64
		{4B6DC34C-DDD0-4C71-82A7-CD2A8FF7E03B}.Release|x64.Build.0 = Release|x64
		{4B6DC34C-DDD0-4C71-82A7-CD2A8FF7E03B}.Release|x86.ActiveCfg = Release|Win32
		{4B6DC34C-DDD0-4C71-82A7-CD2A8FF7E03B}.Release|x86.Build.0 = Release|Win32
	EndGlobalSection
	GlobalSection(SolutionProperties) = preSolution
		HideSolutionNode = FALSE
	EndGlobalSection
	GlobalSection(ExtensibilityGlobals) = postSolution
		SolutionGuid = {E0E8C5D0-B847-4E47-A7F4-138290DC250F}
	EndGlobalSection
EndGlobal
